<?xml version="1.0" encoding="utf-8"?>
<Project ToolsVersion="4.0" xmlns="http://schemas.microsoft.com/developer/msbuild/2003">
  <ItemGroup>
    <Filter Include="소스 파일">
      <UniqueIdentifier>{4FC737F1-C7A5-4376-A066-2A32D752A2FF}</UniqueIdentifier>
      <Extensions>cpp;c;cc;cxx;def;odl;idl;hpj;bat;asm;asmx</Extensions>
    </Filter>
    <Filter Include="헤더 파일">
      <UniqueIdentifier>{93995380-89BD-4b04-88EB-625FBE52EBFB}</UniqueIdentifier>
      <Extensions>h;hpp;hxx;hm;inl;inc;xsd</Extensions>
    </Filter>
    <Filter Include="리소스 파일">
      <UniqueIdentifier>{67DA6AB6-F800-4c08-8B7A-83BB121AAD01}</UniqueIdentifier>
      <Extensions>rc;ico;cur;bmp;dlg;rc2;rct;bin;rgs;gif;jpg;jpeg;jpe;resx;tiff;tif;png;wav;mfcribbon-ms</Extensions>
    </Filter>
    <Filter Include="FrameWork">
      <UniqueIdentifier>{e2272d9a-6069-4238-9b44-2ab553253298}</UniqueIdentifier>
    </Filter>
    <Filter Include="FrameWork\Manager">
      <UniqueIdentifier>{08836895-7d29-49a8-949b-c51baf695a66}</UniqueIdentifier>
    </Filter>
    <Filter Include="FrameWork\Manager\DeviceManager">
      <UniqueIdentifier>{e5ea0ff2-17cb-4939-85e1-5926e37b002a}</UniqueIdentifier>
    </Filter>
    <Filter Include="FrameWork\Manager\TextureManager">
      <UniqueIdentifier>{1841c817-f4ad-47c2-a303-459a44c99864}</UniqueIdentifier>
    </Filter>
    <Filter Include="FrameWork\Manager\SkinnedMeshManager">
      <UniqueIdentifier>{d93e0859-469c-4ac4-912d-38e4690327cb}</UniqueIdentifier>
    </Filter>
    <Filter Include="FrameWork\Manager\TimeManager">
      <UniqueIdentifier>{f12487ec-fd75-42c5-9eb4-ce547b2e686b}</UniqueIdentifier>
    </Filter>
    <Filter Include="FrameWork\Manager\ObjectManager">
      <UniqueIdentifier>{272f9f1b-b35d-4146-9736-9a26fcf9220e}</UniqueIdentifier>
    </Filter>
    <Filter Include="FrameWork\SkinnedMesh">
      <UniqueIdentifier>{6177b9dc-2d60-40a6-bcb3-4d11f97cbc65}</UniqueIdentifier>
    </Filter>
    <Filter Include="FrameWork\AutoReleasePool">
      <UniqueIdentifier>{48e3787c-4dc4-4175-b867-de5f7b7c077e}</UniqueIdentifier>
    </Filter>
    <Filter Include="FrameWork\Camera">
      <UniqueIdentifier>{cc45a8e5-7d14-470d-b158-3943175bcc60}</UniqueIdentifier>
    </Filter>
    <Filter Include="FrameWork\Object">
      <UniqueIdentifier>{1fda5f88-453c-4f8a-a4ee-5efadb9df005}</UniqueIdentifier>
    </Filter>
    <Filter Include="FrameWork\QuadTree">
      <UniqueIdentifier>{61dc25f6-fa03-4072-aa6c-e758bf529ea9}</UniqueIdentifier>
    </Filter>
    <Filter Include="FrameWork\Terrain">
      <UniqueIdentifier>{26b6ec0b-231a-41ef-b695-e4820b47018f}</UniqueIdentifier>
    </Filter>
    <Filter Include="FrameWork\Collider">
      <UniqueIdentifier>{9cdd6eaa-298c-48d3-b048-acf19403dee8}</UniqueIdentifier>
    </Filter>
    <Filter Include="FrameWork\Collider\Sphere">
      <UniqueIdentifier>{74187dab-6ded-4db0-a1c3-e5b10f6b3e14}</UniqueIdentifier>
    </Filter>
    <Filter Include="FrameWork\Manager\ShadowManager">
      <UniqueIdentifier>{00658920-fe03-4e31-abc9-fe3e661d8e10}</UniqueIdentifier>
    </Filter>
  </ItemGroup>
  <ItemGroup>
    <None Include="ReadMe.txt" />
    <None Include="small.ico">
      <Filter>리소스 파일</Filter>
    </None>
    <None Include="Dx3D.ico">
      <Filter>리소스 파일</Filter>
    </None>
  </ItemGroup>
  <ItemGroup>
    <ClInclude Include="stdafx.h">
      <Filter>헤더 파일</Filter>
    </ClInclude>
    <ClInclude Include="targetver.h">
      <Filter>헤더 파일</Filter>
    </ClInclude>
    <ClInclude Include="Resource.h">
      <Filter>헤더 파일</Filter>
    </ClInclude>
    <ClInclude Include="Dx3D.h">
      <Filter>헤더 파일</Filter>
    </ClInclude>
    <ClInclude Include="cSkinnedMeshManager.h">
      <Filter>FrameWork\Manager\SkinnedMeshManager</Filter>
    </ClInclude>
    <ClInclude Include="cDeviceManager.h">
      <Filter>FrameWork\Manager\DeviceManager</Filter>
    </ClInclude>
    <ClInclude Include="cTextureManager.h">
      <Filter>FrameWork\Manager\TextureManager</Filter>
    </ClInclude>
    <ClInclude Include="cTimeManager.h">
      <Filter>FrameWork\Manager\TimeManager</Filter>
    </ClInclude>
    <ClInclude Include="cObjectManager.h">
      <Filter>FrameWork\Manager\ObjectManager</Filter>
    </ClInclude>
    <ClInclude Include="cSkinnedMesh.h">
      <Filter>FrameWork\SkinnedMesh</Filter>
    </ClInclude>
    <ClInclude Include="cAllocateHierarchy.h">
      <Filter>FrameWork\SkinnedMesh</Filter>
    </ClInclude>
    <ClInclude Include="cAutoReleasePool.h">
      <Filter>FrameWork\AutoReleasePool</Filter>
    </ClInclude>
    <ClInclude Include="cObject.h">
      <Filter>FrameWork\Object</Filter>
    </ClInclude>
    <ClInclude Include="cMainGame.h">
      <Filter>FrameWork</Filter>
    </ClInclude>
    <ClInclude Include="cFrustumCulling.h">
      <Filter>FrameWork\Camera</Filter>
    </ClInclude>
    <ClInclude Include="cCamera.h">
      <Filter>FrameWork\Camera</Filter>
    </ClInclude>
    <ClInclude Include="cQuadTree.h">
      <Filter>FrameWork\QuadTree</Filter>
    </ClInclude>
    <ClInclude Include="cTerrain.h">
      <Filter>FrameWork\Terrain</Filter>
    </ClInclude>
    <ClInclude Include="cCollider.h">
      <Filter>FrameWork\Collider</Filter>
    </ClInclude>
    <ClInclude Include="stdafxCollider.h">
      <Filter>FrameWork\Collider</Filter>
    </ClInclude>
    <ClInclude Include="cSphereCollider.h">
      <Filter>FrameWork\Collider\Sphere</Filter>
    </ClInclude>
    <ClInclude Include="cShadowManager.h">
      <Filter>FrameWork\Manager\ShadowManager</Filter>
    </ClInclude>
  </ItemGroup>
  <ItemGroup>
    <ClCompile Include="stdafx.cpp">
      <Filter>소스 파일</Filter>
    </ClCompile>
    <ClCompile Include="Dx3D.cpp">
      <Filter>소스 파일</Filter>
    </ClCompile>
    <ClCompile Include="cSkinnedMeshManager.cpp">
      <Filter>FrameWork\Manager\SkinnedMeshManager</Filter>
    </ClCompile>
    <ClCompile Include="cDeviceManager.cpp">
      <Filter>FrameWork\Manager\DeviceManager</Filter>
    </ClCompile>
    <ClCompile Include="cTextureManager.cpp">
      <Filter>FrameWork\Manager\TextureManager</Filter>
    </ClCompile>
    <ClCompile Include="cTimeManager.cpp">
      <Filter>FrameWork\Manager\TimeManager</Filter>
    </ClCompile>
    <ClCompile Include="cObjectManager.cpp">
      <Filter>FrameWork\Manager\ObjectManager</Filter>
    </ClCompile>
    <ClCompile Include="cSkinnedMesh.cpp">
      <Filter>FrameWork\SkinnedMesh</Filter>
    </ClCompile>
    <ClCompile Include="cAllocateHierarchy.cpp">
      <Filter>FrameWork\SkinnedMesh</Filter>
    </ClCompile>
    <ClCompile Include="cAutoReleasePool.cpp">
      <Filter>FrameWork\AutoReleasePool</Filter>
    </ClCompile>
    <ClCompile Include="cMainGame.cpp">
      <Filter>FrameWork</Filter>
    </ClCompile>
    <ClCompile Include="cObject.cpp">
      <Filter>FrameWork\Object</Filter>
    </ClCompile>
    <ClCompile Include="cFrustumCulling.cpp">
      <Filter>FrameWork\Camera</Filter>
    </ClCompile>
    <ClCompile Include="cCamera.cpp">
      <Filter>FrameWork\Camera</Filter>
    </ClCompile>
    <ClCompile Include="cQuadTree.cpp">
      <Filter>FrameWork\QuadTree</Filter>
    </ClCompile>
    <ClCompile Include="cTerrain.cpp">
      <Filter>FrameWork\Terrain</Filter>
    </ClCompile>
    <ClCompile Include="cCollider.cpp">
      <Filter>FrameWork\Collider</Filter>
    </ClCompile>
    <ClCompile Include="cSphereCollider.cpp">
      <Filter>FrameWork\Collider\Sphere</Filter>
    </ClCompile>
    <ClCompile Include="cShadowManager.cpp">
      <Filter>FrameWork\Manager\ShadowManager</Filter>
    </ClCompile>
  </ItemGroup>
  <ItemGroup>
    <ResourceCompile Include="Dx3D.rc">
      <Filter>리소스 파일</Filter>
    </ResourceCompile>
  </ItemGroup>
  <ItemGroup>
    <Text Include="CreateShadow.fx">
      <Filter>FrameWork\Manager\ShadowManager</Filter>
    </Text>
    <Text Include="ApplyShadow.fx">
      <Filter>FrameWork\Manager\ShadowManager</Filter>
    </Text>
  </ItemGroup>
</Project>